
Microsoft Visual Studio Solution File, Format Version 12.00
# Visual Studio Version 16
VisualStudioVersion = 16.0.30128.74
MinimumVisualStudioVersion = 10.0.40219.1
Project("{FAE04EC0-301F-11D3-BF4B-00C04F79EFBC}") = "Entidades", "Entidades\Entidades.csproj", "{F9596B6A-738C-4B2D-84A1-55036FF6F82F}"
EndProject
Project("{FAE04EC0-301F-11D3-BF4B-00C04F79EFBC}") = "TestUnitario", "TestUnitario\TestUnitario.csproj", "{1D3A75F3-DF56-44E2-B027-380B4FC8F636}"
EndProject
Project("{FAE04EC0-301F-11D3-BF4B-00C04F79EFBC}") = "MainCorreo", "MainCorreo1\MainCorreo.csproj", "{4023E5E3-C078-4399-9AC1-B14F38A3F0D7}"
EndProject
Global
	GlobalSection(SolutionConfigurationPlatforms) = preSolution
		Debug|Any CPU = Debug|Any CPU
		Release|Any CPU = Release|Any CPU
	EndGlobalSection
	GlobalSection(ProjectConfigurationPlatforms) = postSolution
		{F9596B6A-738C-4B2D-84A1-55036FF6F82F}.Debug|Any CPU.ActiveCfg = Debug|Any CPU
		{F9596B6A-738C-4B2D-84A1-55036FF6F82F}.Debug|Any CPU.Build.0 = Debug|Any CPU
		{F9596B6A-738C-4B2D-84A1-55036FF6F82F}.Release|Any CPU.ActiveCfg = Release|Any CPU
		{F9596B6A-738C-4B2D-84A1-55036FF6F82F}.Release|Any CPU.Build.0 = Release|Any CPU
		{1D3A75F3-DF56-44E2-B027-380B4FC8F636}.Debug|Any CPU.ActiveCfg = Debug|Any CPU
		{1D3A75F3-DF56-44E2-B027-380B4FC8F636}.Debug|Any CPU.Build.0 = Debug|Any CPU
		{1D3A75F3-DF56-44E2-B027-380B4FC8F636}.Release|Any CPU.ActiveCfg = Release|Any CPU
		{1D3A75F3-DF56-44E2-B027-380B4FC8F636}.Release|Any CPU.Build.0 = Release|Any CPU
		{4023E5E3-C078-4399-9AC1-B14F38A3F0D7}.Debug|Any CPU.ActiveCfg = Debug|Any CPU
		{4023E5E3-C078-4399-9AC1-B14F38A3F0D7}.Debug|Any CPU.Build.0 = Debug|Any CPU
		{4023E5E3-C078-4399-9AC1-B14F38A3F0D7}.Release|Any CPU.ActiveCfg = Release|Any CPU
		{4023E5E3-C078-4399-9AC1-B14F38A3F0D7}.Release|Any CPU.Build.0 = Release|Any CPU
	EndGlobalSection
	GlobalSection(SolutionProperties) = preSolution
		HideSolutionNode = FALSE
	EndGlobalSection
	GlobalSection(ExtensibilityGlobals) = postSolution
		SolutionGuid = {89D4FD95-4CDD-4502-AB64-35F65EBBA9DB}
	EndGlobalSection
EndGlobal
